
Microsoft Visual Studio Solution File, Format Version 12.00
# Visual Studio Version 17
VisualStudioVersion = 17.7.33808.371
MinimumVisualStudioVersion = 10.0.40219.1
Project("{FAE04EC0-301F-11D3-BF4B-00C04F79EFBC}") = "VillaAPI", "VillaAPI\VillaAPI.csproj", "{315EBDF8-EB32-47E9-A764-CD5E318CDC19}"
EndProject
Global
	GlobalSection(SolutionConfigurationPlatforms) = preSolution
		Debug|Any CPU = Debug|Any CPU
		Release|Any CPU = Release|Any CPU
	EndGlobalSection
	GlobalSection(ProjectConfigurationPlatforms) = postSolution
		{315EBDF8-EB32-47E9-A764-CD5E318CDC19}.Debug|Any CPU.ActiveCfg = Debug|Any CPU
		{315EBDF8-EB32-47E9-A764-CD5E318CDC19}.Debug|Any CPU.Build.0 = Debug|Any CPU
		{315EBDF8-EB32-47E9-A764-CD5E318CDC19}.Release|Any CPU.ActiveCfg = Release|Any CPU
		{315EBDF8-EB32-47E9-A764-CD5E318CDC19}.Release|Any CPU.Build.0 = Release|Any CPU
	EndGlobalSection
	GlobalSection(SolutionProperties) = preSolution
		HideSolutionNode = FALSE
	EndGlobalSection
	GlobalSection(ExtensibilityGlobals) = postSolution
		SolutionGuid = {9B522FE0-94D4-4C5B-A7F6-6CAE42759EDB}
	EndGlobalSection
EndGlobal
